
Microsoft Visual Studio Solution File, Format Version 12.00
# Visual Studio Version 16
VisualStudioVersion = 16.0.30413.136
MinimumVisualStudioVersion = 10.0.40219.1
Project("{8BC9CEB8-8B4A-11D0-8D11-00A0C91BC942}") = "OOD_TermProject_Gostop", "OOD_TermProject_Gostop\OOD_TermProject_Gostop.vcxproj", "{250635BA-7B47-4B9E-BA8E-B2FD87F1EE15}"
EndProject
Global
	GlobalSection(SolutionConfigurationPlatforms) = preSolution
		Debug|x64 = Debug|x64
		Debug|x86 = Debug|x86
		Release|x64 = Release|x64
		Release|x86 = Release|x86
	EndGlobalSection
	GlobalSection(ProjectConfigurationPlatforms) = postSolution
		{250635BA-7B47-4B9E-BA8E-B2FD87F1EE15}.Debug|x64.ActiveCfg = Debug|x64
		{250635BA-7B47-4B9E-BA8E-B2FD87F1EE15}.Debug|x64.Build.0 = Debug|x64
		{250635BA-7B47-4B9E-BA8E-B2FD87F1EE15}.Debug|x86.ActiveCfg = Debug|Win32
		{250635BA-7B47-4B9E-BA8E-B2FD87F1EE15}.Debug|x86.Build.0 = Debug|Win32
		{250635BA-7B47-4B9E-BA8E-B2FD87F1EE15}.Release|x64.ActiveCfg = Release|x64
		{250635BA-7B47-4B9E-BA8E-B2FD87F1EE15}.Release|x64.Build.0 = Release|x64
		{250635BA-7B47-4B9E-BA8E-B2FD87F1EE15}.Release|x86.ActiveCfg = Release|Win32
		{250635BA-7B47-4B9E-BA8E-B2FD87F1EE15}.Release|x86.Build.0 = Release|Win32
	EndGlobalSection
	GlobalSection(SolutionProperties) = preSolution
		HideSolutionNode = FALSE
	EndGlobalSection
	GlobalSection(ExtensibilityGlobals) = postSolution
		SolutionGuid = {3106E499-A350-43D4-9E7A-10A006DF8304}
	EndGlobalSection
EndGlobal
